
Microsoft Visual Studio Solution File, Format Version 12.00
# Visual Studio Version 17
VisualStudioVersion = 17.1.32210.238
MinimumVisualStudioVersion = 10.0.40219.1
Project("{9A19103F-16F7-4668-BE54-9A1E7A4F7556}") = "MWebApi", "MWebApi.csproj", "{95FDED0D-0DCC-419B-858B-00675111C4A4}"
EndProject
Project("{FAE04EC0-301F-11D3-BF4B-00C04F79EFBC}") = "MWebApi.Test", "..\MWebApi.Test\MWebApi.Test.csproj", "{BF365EEE-587E-4B3D-B42A-BADAA3CCF94D}"
EndProject
Global
	GlobalSection(SolutionConfigurationPlatforms) = preSolution
		Debug|Any CPU = Debug|Any CPU
		Release|Any CPU = Release|Any CPU
	EndGlobalSection
	GlobalSection(ProjectConfigurationPlatforms) = postSolution
		{95FDED0D-0DCC-419B-858B-00675111C4A4}.Debug|Any CPU.ActiveCfg = Debug|Any CPU
		{95FDED0D-0DCC-419B-858B-00675111C4A4}.Debug|Any CPU.Build.0 = Debug|Any CPU
		{95FDED0D-0DCC-419B-858B-00675111C4A4}.Release|Any CPU.ActiveCfg = Release|Any CPU
		{95FDED0D-0DCC-419B-858B-00675111C4A4}.Release|Any CPU.Build.0 = Release|Any CPU
		{BF365EEE-587E-4B3D-B42A-BADAA3CCF94D}.Debug|Any CPU.ActiveCfg = Debug|Any CPU
		{BF365EEE-587E-4B3D-B42A-BADAA3CCF94D}.Debug|Any CPU.Build.0 = Debug|Any CPU
		{BF365EEE-587E-4B3D-B42A-BADAA3CCF94D}.Release|Any CPU.ActiveCfg = Release|Any CPU
		{BF365EEE-587E-4B3D-B42A-BADAA3CCF94D}.Release|Any CPU.Build.0 = Release|Any CPU
	EndGlobalSection
	GlobalSection(SolutionProperties) = preSolution
		HideSolutionNode = FALSE
	EndGlobalSection
	GlobalSection(ExtensibilityGlobals) = postSolution
		SolutionGuid = {5592AB8E-5982-40DF-9160-A4A59639669B}
	EndGlobalSection
EndGlobal
